{
  "nodes": {
    "nixpkgs": {
      "locked": {
        "lastModified": 1730633526,
        "narHash": "sha256-IbDAHnP+w7SFwp88Kz3uHnC8BYBvzroEp/pfvpB344k=",
        "owner": "nixos",
        "repo": "nixpkgs",
        "rev": "ecd44361d275e0ae0e3d6177e641a1741926b57f",
        "type": "github"
      },
      "original": {
        "owner": "nixos",
        "repo": "nixpkgs",
        "type": "github"
      }
    },
    "root": {
      "inputs": {
        "nixpkgs": "nixpkgs"
      }
    }
  },
  "root": "root",
  "version": 7
}
